
Microsoft Visual Studio Solution File, Format Version 12.00
# Visual Studio Version 17
VisualStudioVersion = 17.14.36915.13 d17.14
MinimumVisualStudioVersion = 10.0.40219.1
Project("{FAE04EC0-301F-11D3-BF4B-00C04F79EFBC}") = "OOP01", "OOP01\OOP01.csproj", "{43FEBF3D-5E23-47A0-82B4-2335542AFCBC}"
EndProject
Global
	GlobalSection(SolutionConfigurationPlatforms) = preSolution
		Debug|Any CPU = Debug|Any CPU
		Release|Any CPU = Release|Any CPU
	EndGlobalSection
	GlobalSection(ProjectConfigurationPlatforms) = postSolution
		{43FEBF3D-5E23-47A0-82B4-2335542AFCBC}.Debug|Any CPU.ActiveCfg = Debug|Any CPU
		{43FEBF3D-5E23-47A0-82B4-2335542AFCBC}.Debug|Any CPU.Build.0 = Debug|Any CPU
		{43FEBF3D-5E23-47A0-82B4-2335542AFCBC}.Release|Any CPU.ActiveCfg = Release|Any CPU
		{43FEBF3D-5E23-47A0-82B4-2335542AFCBC}.Release|Any CPU.Build.0 = Release|Any CPU
	EndGlobalSection
	GlobalSection(SolutionProperties) = preSolution
		HideSolutionNode = FALSE
	EndGlobalSection
	GlobalSection(ExtensibilityGlobals) = postSolution
		SolutionGuid = {4BE958F3-D488-44DC-A0DF-85DFEF6155BA}
	EndGlobalSection
EndGlobal
